// !$*UTF8*$!
{
	archiveVersion = 1;
	classes = {
	};
	objectVersion = 46;
	objects = {

/* Begin PBXBuildFile section */
		DC808F681E2BD6A0000E55E5 /* main.cpp in Sources */ = {isa = PBXBuildFile; fileRef = DC808F671E2BD6A0000E55E5 /* main.cpp */; };
		DCB1A84A1E2D80BA00D8FE72 /* malloc.c in Sources */ = {isa = PBXBuildFile; fileRef = DCB1A8481E2D80BA00D8FE72 /* malloc.c */; };
/* End PBXBuildFile section */

/* Begin PBXCopyFilesBuildPhase section */
		DC808F621E2BD6A0000E55E5 /* CopyFiles */ = {
			isa = PBXCopyFilesBuildPhase;
			buildActionMask = 2147483647;
			dstPath = /usr/share/man/man1/;
			dstSubfolderSpec = 0;
			files = (
			);
			runOnlyForDeploymentPostprocessing = 1;
		};
/* End PBXCopyFilesBuildPhase section */

/* Begin PBXFileReference section */
		DC6A85D01E2D6BF90078AD1B /* Snippets.c */ = {isa = PBXFileReference; lastKnownFileType = sourcecode.c.c; path = Snippets.c; sourceTree = "<group>"; };
		DC808F641E2BD6A0000E55E5 /* C Supo 3 */ = {isa = PBXFileReference; explicitFileType = "compiled.mach-o.executable"; includeInIndex = 0; path = "C Supo 3"; sourceTree = BUILT_PRODUCTS_DIR; };
		DC808F671E2BD6A0000E55E5 /* main.cpp */ = {isa = PBXFileReference; lastKnownFileType = sourcecode.cpp.cpp; path = main.cpp; sourceTree = "<group>"; };
		DC808F6E1E2BD6E8000E55E5 /* Factorial.h */ = {isa = PBXFileReference; fileEncoding = 4; lastKnownFileType = sourcecode.c.h; path = Factorial.h; sourceTree = "<group>"; };
		DC808F711E2BDC8B000E55E5 /* PrimeChecker.h */ = {isa = PBXFileReference; fileEncoding = 4; lastKnownFileType = sourcecode.c.h; path = PrimeChecker.h; sourceTree = "<group>"; };
		DC808F731E2BEAB8000E55E5 /* Monoid.hpp */ = {isa = PBXFileReference; fileEncoding = 4; lastKnownFileType = sourcecode.cpp.h; path = Monoid.hpp; sourceTree = "<group>"; };
		DC808F751E2C0AF2000E55E5 /* VectorMonoid.h */ = {isa = PBXFileReference; fileEncoding = 4; lastKnownFileType = sourcecode.c.h; path = VectorMonoid.h; sourceTree = "<group>"; };
		DCB1A8481E2D80BA00D8FE72 /* malloc.c */ = {isa = PBXFileReference; fileEncoding = 4; lastKnownFileType = sourcecode.c.c; path = malloc.c; sourceTree = "<group>"; };
		DCB1A8491E2D80BA00D8FE72 /* malloc.h */ = {isa = PBXFileReference; fileEncoding = 4; lastKnownFileType = sourcecode.c.h; path = malloc.h; sourceTree = "<group>"; };
/* End PBXFileReference section */

/* Begin PBXFrameworksBuildPhase section */
		DC808F611E2BD6A0000E55E5 /* Frameworks */ = {
			isa = PBXFrameworksBuildPhase;
			buildActionMask = 2147483647;
			files = (
			);
			runOnlyForDeploymentPostprocessing = 0;
		};
/* End PBXFrameworksBuildPhase section */

/* Begin PBXGroup section */
		DC808F5B1E2BD69F000E55E5 = {
			isa = PBXGroup;
			children = (
				DC808F661E2BD6A0000E55E5 /* C Supo 3 */,
				DC808F651E2BD6A0000E55E5 /* Products */,
			);
			sourceTree = "<group>";
		};
		DC808F651E2BD6A0000E55E5 /* Products */ = {
			isa = PBXGroup;
			children = (
				DC808F641E2BD6A0000E55E5 /* C Supo 3 */,
			);
			name = Products;
			sourceTree = "<group>";
		};
		DC808F661E2BD6A0000E55E5 /* C Supo 3 */ = {
			isa = PBXGroup;
			children = (
				DCB1A8481E2D80BA00D8FE72 /* malloc.c */,
				DCB1A8491E2D80BA00D8FE72 /* malloc.h */,
				DC808F6E1E2BD6E8000E55E5 /* Factorial.h */,
				DC808F711E2BDC8B000E55E5 /* PrimeChecker.h */,
				DC808F671E2BD6A0000E55E5 /* main.cpp */,
				DC808F751E2C0AF2000E55E5 /* VectorMonoid.h */,
				DC808F731E2BEAB8000E55E5 /* Monoid.hpp */,
				DC6A85D01E2D6BF90078AD1B /* Snippets.c */,
			);
			path = "C Supo 3";
			sourceTree = "<group>";
		};
/* End PBXGroup section */

/* Begin PBXNativeTarget section */
		DC808F631E2BD6A0000E55E5 /* C Supo 3 */ = {
			isa = PBXNativeTarget;
			buildConfigurationList = DC808F6B1E2BD6A0000E55E5 /* Build configuration list for PBXNativeTarget "C Supo 3" */;
			buildPhases = (
				DC808F601E2BD6A0000E55E5 /* Sources */,
				DC808F611E2BD6A0000E55E5 /* Frameworks */,
				DC808F621E2BD6A0000E55E5 /* CopyFiles */,
			);
			buildRules = (
			);
			dependencies = (
			);
			name = "C Supo 3";
			productName = "C Supo 3";
			productReference = DC808F641E2BD6A0000E55E5 /* C Supo 3 */;
			productType = "com.apple.product-type.tool";
		};
/* End PBXNativeTarget section */

/* Begin PBXProject section */
		DC808F5C1E2BD69F000E55E5 /* Project object */ = {
			isa = PBXProject;
			attributes = {
				LastUpgradeCheck = 0810;
				ORGANIZATIONNAME = "Daniel Ellis";
				TargetAttributes = {
					DC808F631E2BD6A0000E55E5 = {
						CreatedOnToolsVersion = 8.1;
						ProvisioningStyle = Automatic;
					};
				};
			};
			buildConfigurationList = DC808F5F1E2BD6A0000E55E5 /* Build configuration list for PBXProject "C Supo 3" */;
			compatibilityVersion = "Xcode 3.2";
			developmentRegion = English;
			hasScannedForEncodings = 0;
			knownRegions = (
				en,
			);
			mainGroup = DC808F5B1E2BD69F000E55E5;
			productRefGroup = DC808F651E2BD6A0000E55E5 /* Products */;
			projectDirPath = "";
			projectRoot = "";
			targets = (
				DC808F631E2BD6A0000E55E5 /* C Supo 3 */,
			);
		};
/* End PBXProject section */

/* Begin PBXSourcesBuildPhase section */
		DC808F601E2BD6A0000E55E5 /* Sources */ = {
			isa = PBXSourcesBuildPhase;
			buildActionMask = 2147483647;
			files = (
				DC808F681E2BD6A0000E55E5 /* main.cpp in Sources */,
				DCB1A84A1E2D80BA00D8FE72 /* malloc.c in Sources */,
			);
			runOnlyForDeploymentPostprocessing = 0;
		};
/* End PBXSourcesBuildPhase section */

/* Begin XCBuildConfiguration section */
		DC808F691E2BD6A0000E55E5 /* Debug */ = {
			isa = XCBuildConfiguration;
			buildSettings = {
				ALWAYS_SEARCH_USER_PATHS = NO;
				CLANG_ANALYZER_NONNULL = YES;
				CLANG_CXX_LANGUAGE_STANDARD = "gnu++0x";
				CLANG_CXX_LIBRARY = "libc++";
				CLANG_ENABLE_MODULES = YES;
				CLANG_ENABLE_OBJC_ARC = YES;
				CLANG_WARN_BOOL_CONVERSION = YES;
				CLANG_WARN_CONSTANT_CONVERSION = YES;
				CLANG_WARN_DIRECT_OBJC_ISA_USAGE = YES_ERROR;
				CLANG_WARN_DOCUMENTATION_COMMENTS = YES;
				CLANG_WARN_EMPTY_BODY = YES;
				CLANG_WARN_ENUM_CONVERSION = YES;
				CLANG_WARN_INFINITE_RECURSION = YES;
				CLANG_WARN_INT_CONVERSION = YES;
				CLANG_WARN_OBJC_ROOT_CLASS = YES_ERROR;
				CLANG_WARN_SUSPICIOUS_MOVES = YES;
				CLANG_WARN_UNREACHABLE_CODE = YES;
				CLANG_WARN__DUPLICATE_METHOD_MATCH = YES;
				CODE_SIGN_IDENTITY = "-";
				COPY_PHASE_STRIP = NO;
				DEBUG_INFORMATION_FORMAT = dwarf;
				ENABLE_STRICT_OBJC_MSGSEND = YES;
				ENABLE_TESTABILITY = YES;
				GCC_C_LANGUAGE_STANDARD = gnu99;
				GCC_DYNAMIC_NO_PIC = NO;
				GCC_NO_COMMON_BLOCKS = YES;
				GCC_OPTIMIZATION_LEVEL = 0;
				GCC_PREPROCESSOR_DEFINITIONS = (
					"DEBUG=1",
					"$(inherited)",
				);
				GCC_WARN_64_TO_32_BIT_CONVERSION = YES;
				GCC_WARN_ABOUT_RETURN_TYPE = YES_ERROR;
				GCC_WARN_UNDECLARED_SELECTOR = YES;
				GCC_WARN_UNINITIALIZED_AUTOS = YES_AGGRESSIVE;
				GCC_WARN_UNUSED_FUNCTION = YES;
				GCC_WARN_UNUSED_VARIABLE = YES;
				MACOSX_DEPLOYMENT_TARGET = 10.12;
				MTL_ENABLE_DEBUG_INFO = YES;
				ONLY_ACTIVE_ARCH = YES;
				SDKROOT = macosx;
			};
			name = Debug;
		};
		DC808F6A1E2BD6A0000E55E5 /* Release */ = {
			isa = XCBuildConfiguration;
			buildSettings = {
				ALWAYS_SEARCH_USER_PATHS = NO;
				CLANG_ANALYZER_NONNULL = YES;
				CLANG_CXX_LANGUAGE_STANDARD = "gnu++0x";
				CLANG_CXX_LIBRARY = "libc++";
				CLANG_ENABLE_MODULES = YES;
				CLANG_ENABLE_OBJC_ARC = YES;
				CLANG_WARN_BOOL_CONVERSION = YES;
				CLANG_WARN_CONSTANT_CONVERSION = YES;
				CLANG_WARN_DIRECT_OBJC_ISA_USAGE = YES_ERROR;
				CLANG_WARN_DOCUMENTATION_COMMENTS = YES;
				CLANG_WARN_EMPTY_BODY = YES;
				CLANG_WARN_ENUM_CONVERSION = YES;
				CLANG_WARN_INFINITE_RECURSION = YES;
				CLANG_WARN_INT_CONVERSION = YES;
				CLANG_WARN_OBJC_ROOT_CLASS = YES_ERROR;
				CLANG_WARN_SUSPICIOUS_MOVES = YES;
				CLANG_WARN_UNREACHABLE_CODE = YES;
				CLANG_WARN__DUPLICATE_METHOD_MATCH = YES;
				CODE_SIGN_IDENTITY = "-";
				COPY_PHASE_STRIP = NO;
				DEBUG_INFORMATION_FORMAT = "dwarf-with-dsym";
				ENABLE_NS_ASSERTIONS = NO;
				ENABLE_STRICT_OBJC_MSGSEND = YES;
				GCC_C_LANGUAGE_STANDARD = gnu99;
				GCC_NO_COMMON_BLOCKS = YES;
				GCC_WARN_64_TO_32_BIT_CONVERSION = YES;
				GCC_WARN_ABOUT_RETURN_TYPE = YES_ERROR;
				GCC_WARN_UNDECLARED_SELECTOR = YES;
				GCC_WARN_UNINITIALIZED_AUTOS = YES_AGGRESSIVE;
				GCC_WARN_UNUSED_FUNCTION = YES;
				GCC_WARN_UNUSED_VARIABLE = YES;
				MACOSX_DEPLOYMENT_TARGET = 10.12;
				MTL_ENABLE_DEBUG_INFO = NO;
				SDKROOT = macosx;
			};
			name = Release;
		};
		DC808F6C1E2BD6A0000E55E5 /* Debug */ = {
			isa = XCBuildConfiguration;
			buildSettings = {
				PRODUCT_NAME = "$(TARGET_NAME)";
			};
			name = Debug;
		};
		DC808F6D1E2BD6A0000E55E5 /* Release */ = {
			isa = XCBuildConfiguration;
			buildSettings = {
				PRODUCT_NAME = "$(TARGET_NAME)";
			};
			name = Release;
		};
/* End XCBuildConfiguration section */

/* Begin XCConfigurationList section */
		DC808F5F1E2BD6A0000E55E5 /* Build configuration list for PBXProject "C Supo 3" */ = {
			isa = XCConfigurationList;
			buildConfigurations = (
				DC808F691E2BD6A0000E55E5 /* Debug */,
				DC808F6A1E2BD6A0000E55E5 /* Release */,
			);
			defaultConfigurationIsVisible = 0;
			defaultConfigurationName = Release;
		};
		DC808F6B1E2BD6A0000E55E5 /* Build configuration list for PBXNativeTarget "C Supo 3" */ = {
			isa = XCConfigurationList;
			buildConfigurations = (
				DC808F6C1E2BD6A0000E55E5 /* Debug */,
				DC808F6D1E2BD6A0000E55E5 /* Release */,
			);
			defaultConfigurationIsVisible = 0;
			defaultConfigurationName = Release;
		};
/* End XCConfigurationList section */
	};
	rootObject = DC808F5C1E2BD69F000E55E5 /* Project object */;
}
